Microsoft Visual Studio Solution File, Format Version 12.00
# Visual Studio Version 17
VisualStudioVersion = 17.5.2.0
MinimumVisualStudioVersion = 10.0.40219.1
Project("{FAE04EC0-301F-11D3-BF4B-00C04F79EFBC}") = "GestionCirculationWeb", "GestionCirculationWeb\GestionCirculationWeb.csproj", "{DC383921-639F-4403-5513-70CF07514113}"
EndProject
Global
	GlobalSection(SolutionConfigurationPlatforms) = preSolution
		Debug|Any CPU = Debug|Any CPU
		Release|Any CPU = Release|Any CPU
	EndGlobalSection
	GlobalSection(ProjectConfigurationPlatforms) = postSolution
		{DC383921-639F-4403-5513-70CF07514113}.Debug|Any CPU.ActiveCfg = Debug|Any CPU
		{DC383921-639F-4403-5513-70CF07514113}.Debug|Any CPU.Build.0 = Debug|Any CPU
		{DC383921-639F-4403-5513-70CF07514113}.Release|Any CPU.ActiveCfg = Release|Any CPU
		{DC383921-639F-4403-5513-70CF07514113}.Release|Any CPU.Build.0 = Release|Any CPU
	EndGlobalSection
	GlobalSection(SolutionProperties) = preSolution
		HideSolutionNode = FALSE
	EndGlobalSection
	GlobalSection(ExtensibilityGlobals) = postSolution
		SolutionGuid = {08825D0D-E326-44CB-B65D-DD87AAE9808B}
	EndGlobalSection
EndGlobal
